
Microsoft Visual Studio Solution File, Format Version 12.00
# Visual Studio Version 16
VisualStudioVersion = 16.0.29411.108
MinimumVisualStudioVersion = 10.0.40219.1
Project("{FAE04EC0-301F-11D3-BF4B-00C04F79EFBC}") = "Exercise-Stack4_5", "Exercise-Stack4_5\Exercise-Stack4_5.csproj", "{1949CED0-49FA-4CED-91F7-6CC17D085C22}"
EndProject
Global
	GlobalSection(SolutionConfigurationPlatforms) = preSolution
		Debug|Any CPU = Debug|Any CPU
		Release|Any CPU = Release|Any CPU
	EndGlobalSection
	GlobalSection(ProjectConfigurationPlatforms) = postSolution
		{1949CED0-49FA-4CED-91F7-6CC17D085C22}.Debug|Any CPU.ActiveCfg = Debug|Any CPU
		{1949CED0-49FA-4CED-91F7-6CC17D085C22}.Debug|Any CPU.Build.0 = Debug|Any CPU
		{1949CED0-49FA-4CED-91F7-6CC17D085C22}.Release|Any CPU.ActiveCfg = Release|Any CPU
		{1949CED0-49FA-4CED-91F7-6CC17D085C22}.Release|Any CPU.Build.0 = Release|Any CPU
	EndGlobalSection
	GlobalSection(SolutionProperties) = preSolution
		HideSolutionNode = FALSE
	EndGlobalSection
	GlobalSection(ExtensibilityGlobals) = postSolution
		SolutionGuid = {BEDA4BDB-DFFF-4FD9-8E71-022DB5768F51}
	EndGlobalSection
EndGlobal
